
Microsoft Visual Studio Solution File, Format Version 12.00
# Visual Studio 15
VisualStudioVersion = 15.0.27130.2027
MinimumVisualStudioVersion = 10.0.40219.1
Project("{9A19103F-16F7-4668-BE54-9A1E7A4F7556}") = "LinkManager", "LinkManager\LinkManager.csproj", "{5FEF2BFF-F63D-44FD-93D0-8AC31C75F621}"
EndProject
Project("{FAE04EC0-301F-11D3-BF4B-00C04F79EFBC}") = "LinkManager.Data", "LinkManager.Data\LinkManager.Data.csproj", "{AE275F5E-4EF8-4269-8937-343E7DD4092C}"
EndProject
Global
	GlobalSection(SolutionConfigurationPlatforms) = preSolution
		Debug|Any CPU = Debug|Any CPU
		Release|Any CPU = Release|Any CPU
	EndGlobalSection
	GlobalSection(ProjectConfigurationPlatforms) = postSolution
		{5FEF2BFF-F63D-44FD-93D0-8AC31C75F621}.Debug|Any CPU.ActiveCfg = Debug|Any CPU
		{5FEF2BFF-F63D-44FD-93D0-8AC31C75F621}.Debug|Any CPU.Build.0 = Debug|Any CPU
		{5FEF2BFF-F63D-44FD-93D0-8AC31C75F621}.Release|Any CPU.ActiveCfg = Release|Any CPU
		{5FEF2BFF-F63D-44FD-93D0-8AC31C75F621}.Release|Any CPU.Build.0 = Release|Any CPU
		{AE275F5E-4EF8-4269-8937-343E7DD4092C}.Debug|Any CPU.ActiveCfg = Debug|Any CPU
		{AE275F5E-4EF8-4269-8937-343E7DD4092C}.Debug|Any CPU.Build.0 = Debug|Any CPU
		{AE275F5E-4EF8-4269-8937-343E7DD4092C}.Release|Any CPU.ActiveCfg = Release|Any CPU
		{AE275F5E-4EF8-4269-8937-343E7DD4092C}.Release|Any CPU.Build.0 = Release|Any CPU
	EndGlobalSection
	GlobalSection(SolutionProperties) = preSolution
		HideSolutionNode = FALSE
	EndGlobalSection
	GlobalSection(ExtensibilityGlobals) = postSolution
		SolutionGuid = {AF23C670-15A5-4679-B988-7C2C8BF761DA}
	EndGlobalSection
EndGlobal
